
Microsoft Visual Studio Solution File, Format Version 12.00
# Visual Studio Version 16
VisualStudioVersion = 16.0.31129.286
MinimumVisualStudioVersion = 10.0.40219.1
Project("{FAE04EC0-301F-11D3-BF4B-00C04F79EFBC}") = "CheckingInTest", "CheckingInTest.csproj", "{F8653C9C-E156-4DFE-950A-07CF2A08B02E}"
EndProject
Global
	GlobalSection(SolutionConfigurationPlatforms) = preSolution
		Debug|Any CPU = Debug|Any CPU
		Release|Any CPU = Release|Any CPU
	EndGlobalSection
	GlobalSection(ProjectConfigurationPlatforms) = postSolution
		{F8653C9C-E156-4DFE-950A-07CF2A08B02E}.Debug|Any CPU.ActiveCfg = Debug|Any CPU
		{F8653C9C-E156-4DFE-950A-07CF2A08B02E}.Debug|Any CPU.Build.0 = Debug|Any CPU
		{F8653C9C-E156-4DFE-950A-07CF2A08B02E}.Release|Any CPU.ActiveCfg = Release|Any CPU
		{F8653C9C-E156-4DFE-950A-07CF2A08B02E}.Release|Any CPU.Build.0 = Release|Any CPU
	EndGlobalSection
	GlobalSection(SolutionProperties) = preSolution
		HideSolutionNode = FALSE
	EndGlobalSection
	GlobalSection(ExtensibilityGlobals) = postSolution
		SolutionGuid = {2D3312E8-2E26-4EC6-8139-F0DEFD28FD89}
	EndGlobalSection
EndGlobal
